
Microsoft Visual Studio Solution File, Format Version 12.00
# Visual Studio Version 17
VisualStudioVersion = 17.0.31903.59
MinimumVisualStudioVersion = 10.0.40219.1
Project("{2150E333-8FDC-42A3-9474-1A3956D46DE8}") = "API", "API", "{02EA681E-C7D8-13C7-8484-4AC65E1B71E8}"
EndProject
Project("{2150E333-8FDC-42A3-9474-1A3956D46DE8}") = "Workers", "Workers", "{C43D5379-0450-4E17-A65C-F0E677C12909}"
EndProject
Project("{FAE04EC0-301F-11D3-BF4B-00C04F79EFBC}") = "WebAPI", "API\WebAPI\WebAPI.csproj", "{9D613849-8BCB-4128-A5C2-06CB6A81F80D}"
EndProject
Project("{FAE04EC0-301F-11D3-BF4B-00C04F79EFBC}") = "Domain", "API\Domain\Domain.csproj", "{20CD6034-844F-450D-B2A5-6FF76A83A3B5}"
EndProject
Project("{FAE04EC0-301F-11D3-BF4B-00C04F79EFBC}") = "StockWorker", "Worker\Worker\StockWorker.csproj", "{203CE761-A5F9-47C0-94F4-F8FB1A26C0D6}"
EndProject
Project("{FAE04EC0-301F-11D3-BF4B-00C04F79EFBC}") = "Application", "API\Application\Application.csproj", "{C6D17EA9-27B9-4ED9-8CB1-C9ED8964B344}"
EndProject
Project("{FAE04EC0-301F-11D3-BF4B-00C04F79EFBC}") = "Infrastructure", "API\Infrastructure\Infrastructure.csproj", "{AB81E569-A3FF-452C-9513-8B7177FA5131}"
EndProject
Global
	GlobalSection(SolutionConfigurationPlatforms) = preSolution
		Debug|Any CPU = Debug|Any CPU
		Debug|x64 = Debug|x64
		Debug|x86 = Debug|x86
		Release|Any CPU = Release|Any CPU
		Release|x64 = Release|x64
		Release|x86 = Release|x86
	EndGlobalSection
	GlobalSection(ProjectConfigurationPlatforms) = postSolution
		{9D613849-8BCB-4128-A5C2-06CB6A81F80D}.Debug|Any CPU.ActiveCfg = Debug|Any CPU
		{9D613849-8BCB-4128-A5C2-06CB6A81F80D}.Debug|Any CPU.Build.0 = Debug|Any CPU
		{9D613849-8BCB-4128-A5C2-06CB6A81F80D}.Debug|x64.ActiveCfg = Debug|Any CPU
		{9D613849-8BCB-4128-A5C2-06CB6A81F80D}.Debug|x64.Build.0 = Debug|Any CPU
		{9D613849-8BCB-4128-A5C2-06CB6A81F80D}.Debug|x86.ActiveCfg = Debug|Any CPU
		{9D613849-8BCB-4128-A5C2-06CB6A81F80D}.Debug|x86.Build.0 = Debug|Any CPU
		{9D613849-8BCB-4128-A5C2-06CB6A81F80D}.Release|Any CPU.ActiveCfg = Release|Any CPU
		{9D613849-8BCB-4128-A5C2-06CB6A81F80D}.Release|Any CPU.Build.0 = Release|Any CPU
		{9D613849-8BCB-4128-A5C2-06CB6A81F80D}.Release|x64.ActiveCfg = Release|Any CPU
		{9D613849-8BCB-4128-A5C2-06CB6A81F80D}.Release|x64.Build.0 = Release|Any CPU
		{9D613849-8BCB-4128-A5C2-06CB6A81F80D}.Release|x86.ActiveCfg = Release|Any CPU
		{9D613849-8BCB-4128-A5C2-06CB6A81F80D}.Release|x86.Build.0 = Release|Any CPU
		{20CD6034-844F-450D-B2A5-6FF76A83A3B5}.Debug|Any CPU.ActiveCfg = Debug|Any CPU
		{20CD6034-844F-450D-B2A5-6FF76A83A3B5}.Debug|Any CPU.Build.0 = Debug|Any CPU
		{20CD6034-844F-450D-B2A5-6FF76A83A3B5}.Debug|x64.ActiveCfg = Debug|Any CPU
		{20CD6034-844F-450D-B2A5-6FF76A83A3B5}.Debug|x64.Build.0 = Debug|Any CPU
		{20CD6034-844F-450D-B2A5-6FF76A83A3B5}.Debug|x86.ActiveCfg = Debug|Any CPU
		{20CD6034-844F-450D-B2A5-6FF76A83A3B5}.Debug|x86.Build.0 = Debug|Any CPU
		{20CD6034-844F-450D-B2A5-6FF76A83A3B5}.Release|Any CPU.ActiveCfg = Release|Any CPU
		{20CD6034-844F-450D-B2A5-6FF76A83A3B5}.Release|Any CPU.Build.0 = Release|Any CPU
		{20CD6034-844F-450D-B2A5-6FF76A83A3B5}.Release|x64.ActiveCfg = Release|Any CPU
		{20CD6034-844F-450D-B2A5-6FF76A83A3B5}.Release|x64.Build.0 = Release|Any CPU
		{20CD6034-844F-450D-B2A5-6FF76A83A3B5}.Release|x86.ActiveCfg = Release|Any CPU
		{20CD6034-844F-450D-B2A5-6FF76A83A3B5}.Release|x86.Build.0 = Release|Any CPU
		{203CE761-A5F9-47C0-94F4-F8FB1A26C0D6}.Debug|Any CPU.ActiveCfg = Debug|Any CPU
		{203CE761-A5F9-47C0-94F4-F8FB1A26C0D6}.Debug|Any CPU.Build.0 = Debug|Any CPU
		{203CE761-A5F9-47C0-94F4-F8FB1A26C0D6}.Debug|x64.ActiveCfg = Debug|Any CPU
		{203CE761-A5F9-47C0-94F4-F8FB1A26C0D6}.Debug|x64.Build.0 = Debug|Any CPU
		{203CE761-A5F9-47C0-94F4-F8FB1A26C0D6}.Debug|x86.ActiveCfg = Debug|Any CPU
		{203CE761-A5F9-47C0-94F4-F8FB1A26C0D6}.Debug|x86.Build.0 = Debug|Any CPU
		{203CE761-A5F9-47C0-94F4-F8FB1A26C0D6}.Release|Any CPU.ActiveCfg = Release|Any CPU
		{203CE761-A5F9-47C0-94F4-F8FB1A26C0D6}.Release|Any CPU.Build.0 = Release|Any CPU
		{203CE761-A5F9-47C0-94F4-F8FB1A26C0D6}.Release|x64.ActiveCfg = Release|Any CPU
		{203CE761-A5F9-47C0-94F4-F8FB1A26C0D6}.Release|x64.Build.0 = Release|Any CPU
		{203CE761-A5F9-47C0-94F4-F8FB1A26C0D6}.Release|x86.ActiveCfg = Release|Any CPU
		{203CE761-A5F9-47C0-94F4-F8FB1A26C0D6}.Release|x86.Build.0 = Release|Any CPU
		{C6D17EA9-27B9-4ED9-8CB1-C9ED8964B344}.Debug|Any CPU.ActiveCfg = Debug|Any CPU
		{C6D17EA9-27B9-4ED9-8CB1-C9ED8964B344}.Debug|Any CPU.Build.0 = Debug|Any CPU
		{C6D17EA9-27B9-4ED9-8CB1-C9ED8964B344}.Debug|x64.ActiveCfg = Debug|Any CPU
		{C6D17EA9-27B9-4ED9-8CB1-C9ED8964B344}.Debug|x64.Build.0 = Debug|Any CPU
		{C6D17EA9-27B9-4ED9-8CB1-C9ED8964B344}.Debug|x86.ActiveCfg = Debug|Any CPU
		{C6D17EA9-27B9-4ED9-8CB1-C9ED8964B344}.Debug|x86.Build.0 = Debug|Any CPU
		{C6D17EA9-27B9-4ED9-8CB1-C9ED8964B344}.Release|Any CPU.ActiveCfg = Release|Any CPU
		{C6D17EA9-27B9-4ED9-8CB1-C9ED8964B344}.Release|Any CPU.Build.0 = Release|Any CPU
		{C6D17EA9-27B9-4ED9-8CB1-C9ED8964B344}.Release|x64.ActiveCfg = Release|Any CPU
		{C6D17EA9-27B9-4ED9-8CB1-C9ED8964B344}.Release|x64.Build.0 = Release|Any CPU
		{C6D17EA9-27B9-4ED9-8CB1-C9ED8964B344}.Release|x86.ActiveCfg = Release|Any CPU
		{C6D17EA9-27B9-4ED9-8CB1-C9ED8964B344}.Release|x86.Build.0 = Release|Any CPU
		{AB81E569-A3FF-452C-9513-8B7177FA5131}.Debug|Any CPU.ActiveCfg = Debug|Any CPU
		{AB81E569-A3FF-452C-9513-8B7177FA5131}.Debug|Any CPU.Build.0 = Debug|Any CPU
		{AB81E569-A3FF-452C-9513-8B7177FA5131}.Debug|x64.ActiveCfg = Debug|Any CPU
		{AB81E569-A3FF-452C-9513-8B7177FA5131}.Debug|x64.Build.0 = Debug|Any CPU
		{AB81E569-A3FF-452C-9513-8B7177FA5131}.Debug|x86.ActiveCfg = Debug|Any CPU
		{AB81E569-A3FF-452C-9513-8B7177FA5131}.Debug|x86.Build.0 = Debug|Any CPU
		{AB81E569-A3FF-452C-9513-8B7177FA5131}.Release|Any CPU.ActiveCfg = Release|Any CPU
		{AB81E569-A3FF-452C-9513-8B7177FA5131}.Release|Any CPU.Build.0 = Release|Any CPU
		{AB81E569-A3FF-452C-9513-8B7177FA5131}.Release|x64.ActiveCfg = Release|Any CPU
		{AB81E569-A3FF-452C-9513-8B7177FA5131}.Release|x64.Build.0 = Release|Any CPU
		{AB81E569-A3FF-452C-9513-8B7177FA5131}.Release|x86.ActiveCfg = Release|Any CPU
		{AB81E569-A3FF-452C-9513-8B7177FA5131}.Release|x86.Build.0 = Release|Any CPU
	EndGlobalSection
	GlobalSection(SolutionProperties) = preSolution
		HideSolutionNode = FALSE
	EndGlobalSection
	GlobalSection(NestedProjects) = preSolution
		{9D613849-8BCB-4128-A5C2-06CB6A81F80D} = {02EA681E-C7D8-13C7-8484-4AC65E1B71E8}
		{20CD6034-844F-450D-B2A5-6FF76A83A3B5} = {02EA681E-C7D8-13C7-8484-4AC65E1B71E8}
		{203CE761-A5F9-47C0-94F4-F8FB1A26C0D6} = {C43D5379-0450-4E17-A65C-F0E677C12909}
		{C6D17EA9-27B9-4ED9-8CB1-C9ED8964B344} = {02EA681E-C7D8-13C7-8484-4AC65E1B71E8}
		{AB81E569-A3FF-452C-9513-8B7177FA5131} = {02EA681E-C7D8-13C7-8484-4AC65E1B71E8}
	EndGlobalSection
	GlobalSection(ExtensibilityGlobals) = postSolution
		SolutionGuid = {9FDAB139-3E09-4680-9718-568A42B2E01C}
	EndGlobalSection
EndGlobal
